
Microsoft Visual Studio Solution File, Format Version 12.00
# Visual Studio Version 18
VisualStudioVersion = 18.8.11904.113
MinimumVisualStudioVersion = 10.0.40219.1
Project("{FAE04EC0-301F-11D3-BF4B-00C04F79EFBC}") = "Protobuf.Core", "src\Protobuf.Core\Protobuf.Core.csproj", "{A1B2C3D4-E5F6-7890-ABCD-EF1234567890}"
EndProject
Project("{FAE04EC0-301F-11D3-BF4B-00C04F79EFBC}") = "Protobuf.Parser", "src\Protobuf.Parser\Protobuf.Parser.csproj", "{B2C3D4E5-F6A7-8901-BCDE-F12345678901}"
EndProject
Project("{FAE04EC0-301F-11D3-BF4B-00C04F79EFBC}") = "Protobuf.Generator", "src\Protobuf.Generator\Protobuf.Generator.csproj", "{C3D4E5F6-A7B8-9012-CDEF-123456789012}"
EndProject
Project("{FAE04EC0-301F-11D3-BF4B-00C04F79EFBC}") = "Protobuf.Json", "src\Protobuf.Json\Protobuf.Json.csproj", "{D4E5F6A7-B8C9-0123-DEF0-234567890123}"
EndProject
Project("{FAE04EC0-301F-11D3-BF4B-00C04F79EFBC}") = "Protobuf.Reflection", "src\Protobuf.Reflection\Protobuf.Reflection.csproj", "{E5F6A7B8-C9D0-1234-EF01-345678901234}"
EndProject
Project("{FAE04EC0-301F-11D3-BF4B-00C04F79EFBC}") = "Protobuf.Tests", "tests\Protobuf.Tests\Protobuf.Tests.csproj", "{F6A7B8C9-D0E1-2345-F012-456789012345}"
EndProject
Project("{FAE04EC0-301F-11D3-BF4B-00C04F79EFBC}") = "Examples", "examples\Examples\Examples.csproj", "{A4098F23-D28E-C4FE-8B15-728642634EDF}"
EndProject
Project("{FAE04EC0-301F-11D3-BF4B-00C04F79EFBC}") = "ExampleProject", "examples\ExampleProject\ExampleProject.csproj", "{5608BE3B-0A78-FF64-52D7-4BF04A660625}"
EndProject
Project("{2150E333-8FDC-42A3-9474-1A3956D46DE8}") = "src", "src", "{827E0CD3-B72D-47B6-A68D-7590B98EB39B}"
EndProject
Project("{FAE04EC0-301F-11D3-BF4B-00C04F79EFBC}") = "Protobuf.CodeGeneration", "src\Protobuf.CodeGeneration\Protobuf.CodeGeneration.csproj", "{E6C4CD4E-F1B5-4E7F-87B6-2799FB71FE12}"
EndProject
Project("{FAE04EC0-301F-11D3-BF4B-00C04F79EFBC}") = "Protobuf.Generator.Tasks", "src\Protobuf.Generator.Tasks\Protobuf.Generator.Tasks.csproj", "{BBA9A24A-BE29-4216-BB5C-5704534BBEFC}"
EndProject
Global
	GlobalSection(SolutionConfigurationPlatforms) = preSolution
		Debug|Any CPU = Debug|Any CPU
		Debug|x64 = Debug|x64
		Debug|x86 = Debug|x86
		Release|Any CPU = Release|Any CPU
		Release|x64 = Release|x64
		Release|x86 = Release|x86
	EndGlobalSection
	GlobalSection(ProjectConfigurationPlatforms) = postSolution
		{A1B2C3D4-E5F6-7890-ABCD-EF1234567890}.Debug|Any CPU.ActiveCfg = Debug|Any CPU
		{A1B2C3D4-E5F6-7890-ABCD-EF1234567890}.Debug|Any CPU.Build.0 = Debug|Any CPU
		{A1B2C3D4-E5F6-7890-ABCD-EF1234567890}.Debug|x64.ActiveCfg = Debug|Any CPU
		{A1B2C3D4-E5F6-7890-ABCD-EF1234567890}.Debug|x64.Build.0 = Debug|Any CPU
		{A1B2C3D4-E5F6-7890-ABCD-EF1234567890}.Debug|x86.ActiveCfg = Debug|Any CPU
		{A1B2C3D4-E5F6-7890-ABCD-EF1234567890}.Debug|x86.Build.0 = Debug|Any CPU
		{A1B2C3D4-E5F6-7890-ABCD-EF1234567890}.Release|Any CPU.ActiveCfg = Release|Any CPU
		{A1B2C3D4-E5F6-7890-ABCD-EF1234567890}.Release|Any CPU.Build.0 = Release|Any CPU
		{A1B2C3D4-E5F6-7890-ABCD-EF1234567890}.Release|x64.ActiveCfg = Release|Any CPU
		{A1B2C3D4-E5F6-7890-ABCD-EF1234567890}.Release|x64.Build.0 = Release|Any CPU
		{A1B2C3D4-E5F6-7890-ABCD-EF1234567890}.Release|x86.ActiveCfg = Release|Any CPU
		{A1B2C3D4-E5F6-7890-ABCD-EF1234567890}.Release|x86.Build.0 = Release|Any CPU
		{B2C3D4E5-F6A7-8901-BCDE-F12345678901}.Debug|Any CPU.ActiveCfg = Debug|Any CPU
		{B2C3D4E5-F6A7-8901-BCDE-F12345678901}.Debug|Any CPU.Build.0 = Debug|Any CPU
		{B2C3D4E5-F6A7-8901-BCDE-F12345678901}.Debug|x64.ActiveCfg = Debug|Any CPU
		{B2C3D4E5-F6A7-8901-BCDE-F12345678901}.Debug|x64.Build.0 = Debug|Any CPU
		{B2C3D4E5-F6A7-8901-BCDE-F12345678901}.Debug|x86.ActiveCfg = Debug|Any CPU
		{B2C3D4E5-F6A7-8901-BCDE-F12345678901}.Debug|x86.Build.0 = Debug|Any CPU
		{B2C3D4E5-F6A7-8901-BCDE-F12345678901}.Release|Any CPU.ActiveCfg = Release|Any CPU
		{B2C3D4E5-F6A7-8901-BCDE-F12345678901}.Release|Any CPU.Build.0 = Release|Any CPU
		{B2C3D4E5-F6A7-8901-BCDE-F12345678901}.Release|x64.ActiveCfg = Release|Any CPU
		{B2C3D4E5-F6A7-8901-BCDE-F12345678901}.Release|x64.Build.0 = Release|Any CPU
		{B2C3D4E5-F6A7-8901-BCDE-F12345678901}.Release|x86.ActiveCfg = Release|Any CPU
		{B2C3D4E5-F6A7-8901-BCDE-F12345678901}.Release|x86.Build.0 = Release|Any CPU
		{C3D4E5F6-A7B8-9012-CDEF-123456789012}.Debug|Any CPU.ActiveCfg = Debug|Any CPU
		{C3D4E5F6-A7B8-9012-CDEF-123456789012}.Debug|Any CPU.Build.0 = Debug|Any CPU
		{C3D4E5F6-A7B8-9012-CDEF-123456789012}.Debug|x64.ActiveCfg = Debug|Any CPU
		{C3D4E5F6-A7B8-9012-CDEF-123456789012}.Debug|x64.Build.0 = Debug|Any CPU
		{C3D4E5F6-A7B8-9012-CDEF-123456789012}.Debug|x86.ActiveCfg = Debug|Any CPU
		{C3D4E5F6-A7B8-9012-CDEF-123456789012}.Debug|x86.Build.0 = Debug|Any CPU
		{C3D4E5F6-A7B8-9012-CDEF-123456789012}.Release|Any CPU.ActiveCfg = Release|Any CPU
		{C3D4E5F6-A7B8-9012-CDEF-123456789012}.Release|Any CPU.Build.0 = Release|Any CPU
		{C3D4E5F6-A7B8-9012-CDEF-123456789012}.Release|x64.ActiveCfg = Release|Any CPU
		{C3D4E5F6-A7B8-9012-CDEF-123456789012}.Release|x64.Build.0 = Release|Any CPU
		{C3D4E5F6-A7B8-9012-CDEF-123456789012}.Release|x86.ActiveCfg = Release|Any CPU
		{C3D4E5F6-A7B8-9012-CDEF-123456789012}.Release|x86.Build.0 = Release|Any CPU
		{D4E5F6A7-B8C9-0123-DEF0-234567890123}.Debug|Any CPU.ActiveCfg = Debug|Any CPU
		{D4E5F6A7-B8C9-0123-DEF0-234567890123}.Debug|Any CPU.Build.0 = Debug|Any CPU
		{D4E5F6A7-B8C9-0123-DEF0-234567890123}.Debug|x64.ActiveCfg = Debug|Any CPU
		{D4E5F6A7-B8C9-0123-DEF0-234567890123}.Debug|x64.Build.0 = Debug|Any CPU
		{D4E5F6A7-B8C9-0123-DEF0-234567890123}.Debug|x86.ActiveCfg = Debug|Any CPU
		{D4E5F6A7-B8C9-0123-DEF0-234567890123}.Debug|x86.Build.0 = Debug|Any CPU
		{D4E5F6A7-B8C9-0123-DEF0-234567890123}.Release|Any CPU.ActiveCfg = Release|Any CPU
		{D4E5F6A7-B8C9-0123-DEF0-234567890123}.Release|Any CPU.Build.0 = Release|Any CPU
		{D4E5F6A7-B8C9-0123-DEF0-234567890123}.Release|x64.ActiveCfg = Release|Any CPU
		{D4E5F6A7-B8C9-0123-DEF0-234567890123}.Release|x64.Build.0 = Release|Any CPU
		{D4E5F6A7-B8C9-0123-DEF0-234567890123}.Release|x86.ActiveCfg = Release|Any CPU
		{D4E5F6A7-B8C9-0123-DEF0-234567890123}.Release|x86.Build.0 = Release|Any CPU
		{E5F6A7B8-C9D0-1234-EF01-345678901234}.Debug|Any CPU.ActiveCfg = Debug|Any CPU
		{E5F6A7B8-C9D0-1234-EF01-345678901234}.Debug|Any CPU.Build.0 = Debug|Any CPU
		{E5F6A7B8-C9D0-1234-EF01-345678901234}.Debug|x64.ActiveCfg = Debug|Any CPU
		{E5F6A7B8-C9D0-1234-EF01-345678901234}.Debug|x64.Build.0 = Debug|Any CPU
		{E5F6A7B8-C9D0-1234-EF01-345678901234}.Debug|x86.ActiveCfg = Debug|Any CPU
		{E5F6A7B8-C9D0-1234-EF01-345678901234}.Debug|x86.Build.0 = Debug|Any CPU
		{E5F6A7B8-C9D0-1234-EF01-345678901234}.Release|Any CPU.ActiveCfg = Release|Any CPU
		{E5F6A7B8-C9D0-1234-EF01-345678901234}.Release|Any CPU.Build.0 = Release|Any CPU
		{E5F6A7B8-C9D0-1234-EF01-345678901234}.Release|x64.ActiveCfg = Release|Any CPU
		{E5F6A7B8-C9D0-1234-EF01-345678901234}.Release|x64.Build.0 = Release|Any CPU
		{E5F6A7B8-C9D0-1234-EF01-345678901234}.Release|x86.ActiveCfg = Release|Any CPU
		{E5F6A7B8-C9D0-1234-EF01-345678901234}.Release|x86.Build.0 = Release|Any CPU
		{F6A7B8C9-D0E1-2345-F012-456789012345}.Debug|Any CPU.ActiveCfg = Debug|Any CPU
		{F6A7B8C9-D0E1-2345-F012-456789012345}.Debug|Any CPU.Build.0 = Debug|Any CPU
		{F6A7B8C9-D0E1-2345-F012-456789012345}.Debug|x64.ActiveCfg = Debug|Any CPU
		{F6A7B8C9-D0E1-2345-F012-456789012345}.Debug|x64.Build.0 = Debug|Any CPU
		{F6A7B8C9-D0E1-2345-F012-456789012345}.Debug|x86.ActiveCfg = Debug|Any CPU
		{F6A7B8C9-D0E1-2345-F012-456789012345}.Debug|x86.Build.0 = Debug|Any CPU
		{F6A7B8C9-D0E1-2345-F012-456789012345}.Release|Any CPU.ActiveCfg = Release|Any CPU
		{F6A7B8C9-D0E1-2345-F012-456789012345}.Release|Any CPU.Build.0 = Release|Any CPU
		{F6A7B8C9-D0E1-2345-F012-456789012345}.Release|x64.ActiveCfg = Release|Any CPU
		{F6A7B8C9-D0E1-2345-F012-456789012345}.Release|x64.Build.0 = Release|Any CPU
		{F6A7B8C9-D0E1-2345-F012-456789012345}.Release|x86.ActiveCfg = Release|Any CPU
		{F6A7B8C9-D0E1-2345-F012-456789012345}.Release|x86.Build.0 = Release|Any CPU
		{A4098F23-D28E-C4FE-8B15-728642634EDF}.Debug|Any CPU.ActiveCfg = Debug|Any CPU
		{A4098F23-D28E-C4FE-8B15-728642634EDF}.Debug|Any CPU.Build.0 = Debug|Any CPU
		{A4098F23-D28E-C4FE-8B15-728642634EDF}.Debug|x64.ActiveCfg = Debug|Any CPU
		{A4098F23-D28E-C4FE-8B15-728642634EDF}.Debug|x64.Build.0 = Debug|Any CPU
		{A4098F23-D28E-C4FE-8B15-728642634EDF}.Debug|x86.ActiveCfg = Debug|Any CPU
		{A4098F23-D28E-C4FE-8B15-728642634EDF}.Debug|x86.Build.0 = Debug|Any CPU
		{A4098F23-D28E-C4FE-8B15-728642634EDF}.Release|Any CPU.ActiveCfg = Release|Any CPU
		{A4098F23-D28E-C4FE-8B15-728642634EDF}.Release|Any CPU.Build.0 = Release|Any CPU
		{A4098F23-D28E-C4FE-8B15-728642634EDF}.Release|x64.ActiveCfg = Release|Any CPU
		{A4098F23-D28E-C4FE-8B15-728642634EDF}.Release|x64.Build.0 = Release|Any CPU
		{A4098F23-D28E-C4FE-8B15-728642634EDF}.Release|x86.ActiveCfg = Release|Any CPU
		{A4098F23-D28E-C4FE-8B15-728642634EDF}.Release|x86.Build.0 = Release|Any CPU
		{5608BE3B-0A78-FF64-52D7-4BF04A660625}.Debug|Any CPU.ActiveCfg = Debug|Any CPU
		{5608BE3B-0A78-FF64-52D7-4BF04A660625}.Debug|Any CPU.Build.0 = Debug|Any CPU
		{5608BE3B-0A78-FF64-52D7-4BF04A660625}.Debug|x64.ActiveCfg = Debug|Any CPU
		{5608BE3B-0A78-FF64-52D7-4BF04A660625}.Debug|x64.Build.0 = Debug|Any CPU
		{5608BE3B-0A78-FF64-52D7-4BF04A660625}.Debug|x86.ActiveCfg = Debug|Any CPU
		{5608BE3B-0A78-FF64-52D7-4BF04A660625}.Debug|x86.Build.0 = Debug|Any CPU
		{5608BE3B-0A78-FF64-52D7-4BF04A660625}.Release|Any CPU.ActiveCfg = Release|Any CPU
		{5608BE3B-0A78-FF64-52D7-4BF04A660625}.Release|Any CPU.Build.0 = Release|Any CPU
		{5608BE3B-0A78-FF64-52D7-4BF04A660625}.Release|x64.ActiveCfg = Release|Any CPU
		{5608BE3B-0A78-FF64-52D7-4BF04A660625}.Release|x64.Build.0 = Release|Any CPU
		{5608BE3B-0A78-FF64-52D7-4BF04A660625}.Release|x86.ActiveCfg = Release|Any CPU
		{5608BE3B-0A78-FF64-52D7-4BF04A660625}.Release|x86.Build.0 = Release|Any CPU
		{E6C4CD4E-F1B5-4E7F-87B6-2799FB71FE12}.Debug|Any CPU.ActiveCfg = Debug|Any CPU
		{E6C4CD4E-F1B5-4E7F-87B6-2799FB71FE12}.Debug|Any CPU.Build.0 = Debug|Any CPU
		{E6C4CD4E-F1B5-4E7F-87B6-2799FB71FE12}.Debug|x64.ActiveCfg = Debug|Any CPU
		{E6C4CD4E-F1B5-4E7F-87B6-2799FB71FE12}.Debug|x64.Build.0 = Debug|Any CPU
		{E6C4CD4E-F1B5-4E7F-87B6-2799FB71FE12}.Debug|x86.ActiveCfg = Debug|Any CPU
		{E6C4CD4E-F1B5-4E7F-87B6-2799FB71FE12}.Debug|x86.Build.0 = Debug|Any CPU
		{E6C4CD4E-F1B5-4E7F-87B6-2799FB71FE12}.Release|Any CPU.ActiveCfg = Release|Any CPU
		{E6C4CD4E-F1B5-4E7F-87B6-2799FB71FE12}.Release|Any CPU.Build.0 = Release|Any CPU
		{E6C4CD4E-F1B5-4E7F-87B6-2799FB71FE12}.Release|x64.ActiveCfg = Release|Any CPU
		{E6C4CD4E-F1B5-4E7F-87B6-2799FB71FE12}.Release|x64.Build.0 = Release|Any CPU
		{E6C4CD4E-F1B5-4E7F-87B6-2799FB71FE12}.Release|x86.ActiveCfg = Release|Any CPU
		{E6C4CD4E-F1B5-4E7F-87B6-2799FB71FE12}.Release|x86.Build.0 = Release|Any CPU
		{BBA9A24A-BE29-4216-BB5C-5704534BBEFC}.Debug|Any CPU.ActiveCfg = Debug|Any CPU
		{BBA9A24A-BE29-4216-BB5C-5704534BBEFC}.Debug|Any CPU.Build.0 = Debug|Any CPU
		{BBA9A24A-BE29-4216-BB5C-5704534BBEFC}.Debug|x64.ActiveCfg = Debug|Any CPU
		{BBA9A24A-BE29-4216-BB5C-5704534BBEFC}.Debug|x64.Build.0 = Debug|Any CPU
		{BBA9A24A-BE29-4216-BB5C-5704534BBEFC}.Debug|x86.ActiveCfg = Debug|Any CPU
		{BBA9A24A-BE29-4216-BB5C-5704534BBEFC}.Debug|x86.Build.0 = Debug|Any CPU
		{BBA9A24A-BE29-4216-BB5C-5704534BBEFC}.Release|Any CPU.ActiveCfg = Release|Any CPU
		{BBA9A24A-BE29-4216-BB5C-5704534BBEFC}.Release|Any CPU.Build.0 = Release|Any CPU
		{BBA9A24A-BE29-4216-BB5C-5704534BBEFC}.Release|x64.ActiveCfg = Release|Any CPU
		{BBA9A24A-BE29-4216-BB5C-5704534BBEFC}.Release|x64.Build.0 = Release|Any CPU
		{BBA9A24A-BE29-4216-BB5C-5704534BBEFC}.Release|x86.ActiveCfg = Release|Any CPU
		{BBA9A24A-BE29-4216-BB5C-5704534BBEFC}.Release|x86.Build.0 = Release|Any CPU
	EndGlobalSection
	GlobalSection(SolutionProperties) = preSolution
		HideSolutionNode = FALSE
	EndGlobalSection
	GlobalSection(NestedProjects) = preSolution
		{E6C4CD4E-F1B5-4E7F-87B6-2799FB71FE12} = {827E0CD3-B72D-47B6-A68D-7590B98EB39B}
		{BBA9A24A-BE29-4216-BB5C-5704534BBEFC} = {827E0CD3-B72D-47B6-A68D-7590B98EB39B}
	EndGlobalSection
EndGlobal
